
Microsoft Visual Studio Solution File, Format Version 12.00
# Visual Studio Version 17
VisualStudioVersion = 17.0.31903.59
MinimumVisualStudioVersion = 10.0.40219.1
Project("{9A19103F-16F7-4668-BE54-9A1E7A4F7556}") = "Kevin.Common", "Common\Kevin.Common.csproj", "{8B22BA8F-2FDA-46FA-A7C5-612F1ACB1E0C}"
EndProject
Project("{9A19103F-16F7-4668-BE54-9A1E7A4F7556}") = "Kevin.EntityFrameworkCore", "Repository\Kevin.EntityFrameworkCore.csproj", "{2803C9AB-360C-4097-8D38-4C83E5CD6015}"
EndProject
Project("{9A19103F-16F7-4668-BE54-9A1E7A4F7556}") = "App.WebApi", "WebApi\App.WebApi.csproj", "{8400B433-8346-483A-9861-2948963CCD32}"
EndProject
Project("{9A19103F-16F7-4668-BE54-9A1E7A4F7556}") = "Kevin.Web", "Web\Kevin.Web.csproj", "{73CD8EA1-FE0F-488B-A68A-8C54C8AF9557}"
EndProject
Project("{2150E333-8FDC-42A3-9474-1A3956D46DE8}") = "Kevin", "Kevin", "{0113DACB-8EA3-4A21-93C4-CAB1EB94D45F}"
EndProject
Project("{9A19103F-16F7-4668-BE54-9A1E7A4F7556}") = "App.Application", "Service\App.Application.csproj", "{3C85428F-1002-41ED-9712-BF8033D660B0}"
EndProject
Project("{9A19103F-16F7-4668-BE54-9A1E7A4F7556}") = "App.TaskQuartz", "Quartz\App.TaskQuartz.csproj", "{973477B3-6505-492D-B6A4-4E7A8C37992F}"
EndProject
Project("{9A19103F-16F7-4668-BE54-9A1E7A4F7556}") = "kevin.CrawlingService", "CrawlingService\kevin.CrawlingService.csproj", "{744B91F0-61DF-4B73-9774-A88AA71E3113}"
EndProject
Project("{9A19103F-16F7-4668-BE54-9A1E7A4F7556}") = "Kevin.SignalR", "Kevin.SignalR\Kevin.SignalR.csproj", "{59F36064-D973-488A-A91E-7174C0F01F60}"
EndProject
Project("{9A19103F-16F7-4668-BE54-9A1E7A4F7556}") = "Kevin.Cors", "Kevin.Cors\Kevin.Cors.csproj", "{3A77B50B-93D8-4C95-82F6-08C09C3BB678}"
EndProject
Project("{9A19103F-16F7-4668-BE54-9A1E7A4F7556}") = "App.RepositorieRps", "Repositories\App.RepositorieRps.csproj", "{48AF3DDE-054F-4315-AF07-5DA113F98E2C}"
EndProject
Project("{9A19103F-16F7-4668-BE54-9A1E7A4F7556}") = "App.Domain", "DomainServices\App.Domain.csproj", "{D3D33916-8552-481C-B21D-5FB39E1D038F}"
EndProject
Project("{9A19103F-16F7-4668-BE54-9A1E7A4F7556}") = "kevin.Consul", "kevin.Consul\kevin.Consul.csproj", "{55A2DBDB-95BF-43E9-BA51-E0E64FFF0ADF}"
EndProject
Project("{9A19103F-16F7-4668-BE54-9A1E7A4F7556}") = "kevin.Cap", "kevin.Cap\kevin.Cap.csproj", "{7ED5424C-F489-4B8A-946E-BB034E3503E4}"
EndProject
Project("{9A19103F-16F7-4668-BE54-9A1E7A4F7556}") = "Kevin.log4Net", "Kevin.log4Net\Kevin.log4Net.csproj", "{FC583EF5-BE30-4317-A8C9-E2815B7DFC4D}"
EndProject
Project("{9A19103F-16F7-4668-BE54-9A1E7A4F7556}") = "Kevin.HttpApiClients", "Kevin.HttpApiClients\Kevin.HttpApiClients.csproj", "{6E13246B-8CAF-416A-9B83-2288CA419156}"
EndProject
Project("{9A19103F-16F7-4668-BE54-9A1E7A4F7556}") = "kevin.Cache", "kevin.Cache\kevin.Cache.csproj", "{8D43D8BB-00EB-4997-9462-EB6EB5C82432}"
EndProject
Project("{9A19103F-16F7-4668-BE54-9A1E7A4F7556}") = "kevin.DistributedLock", "kevin.DistributedLock\kevin.DistributedLock.csproj", "{3E33187D-5FCA-4A65-84EB-6B2139802693}"
EndProject
Project("{9A19103F-16F7-4668-BE54-9A1E7A4F7556}") = "kevin.Permission", "kevin.Permission\kevin.Permission.csproj", "{854BE53D-6780-4FFB-8E67-22E4A6761DCE}"
EndProject
Project("{9A19103F-16F7-4668-BE54-9A1E7A4F7556}") = "App.Share", "AppShare\App.Share.csproj", "{86E0376B-9C05-492A-9F87-908BBCC1BAD2}"
EndProject
Project("{9A19103F-16F7-4668-BE54-9A1E7A4F7556}") = "kevin.Domain.Share", "kevin.Share\kevin.Domain.Share.csproj", "{E5F8FECC-A428-4E98-ADC5-91FFE84F688D}"
EndProject
Project("{9A19103F-16F7-4668-BE54-9A1E7A4F7556}") = "kevin.Domain", "kevin.Domain\kevin.Domain.csproj", "{CFD97194-D0DE-4C89-925E-8143BE260C33}"
EndProject
Project("{2150E333-8FDC-42A3-9474-1A3956D46DE8}") = "Tools", "Tools", "{016608F4-70E8-402C-966C-2D651B6A0319}"
EndProject
Project("{9A19103F-16F7-4668-BE54-9A1E7A4F7556}") = "kevin.Domain.EventBus", "kevin.Domain.EventBus\kevin.Domain.EventBus.csproj", "{867BA6DF-6554-47BC-9487-5254FBA54221}"
EndProject
Project("{9A19103F-16F7-4668-BE54-9A1E7A4F7556}") = "App.AuthorizationService", "AuthorizationService\App.AuthorizationService.csproj", "{415C115D-61C7-4BA3-B4C2-E9C5317688CF}"
EndProject
Project("{9A19103F-16F7-4668-BE54-9A1E7A4F7556}") = "kevin.Ioc", "kevin.Ioc\kevin.Ioc.csproj", "{8FF444C0-8B17-4744-87A1-5A2DCD89050E}"
EndProject
Project("{2150E333-8FDC-42A3-9474-1A3956D46DE8}") = "Auth", "Auth", "{6BBC618D-1DFF-4FA4-B856-F2EB87928AC3}"
EndProject
Project("{2150E333-8FDC-42A3-9474-1A3956D46DE8}") = "App", "App", "{AA0D7186-510A-4D4D-983A-E7FECE769E92}"
EndProject
Project("{2150E333-8FDC-42A3-9474-1A3956D46DE8}") = "AutoTask", "AutoTask", "{53F39630-333F-4943-89F4-C338FE6BFF1F}"
EndProject
Global
	GlobalSection(SolutionConfigurationPlatforms) = preSolution
		Debug|Any CPU = Debug|Any CPU
		Release|Any CPU = Release|Any CPU
	EndGlobalSection
	GlobalSection(ProjectConfigurationPlatforms) = postSolution
		{8B22BA8F-2FDA-46FA-A7C5-612F1ACB1E0C}.Debug|Any CPU.ActiveCfg = Debug|Any CPU
		{8B22BA8F-2FDA-46FA-A7C5-612F1ACB1E0C}.Debug|Any CPU.Build.0 = Debug|Any CPU
		{8B22BA8F-2FDA-46FA-A7C5-612F1ACB1E0C}.Release|Any CPU.ActiveCfg = Release|Any CPU
		{8B22BA8F-2FDA-46FA-A7C5-612F1ACB1E0C}.Release|Any CPU.Build.0 = Release|Any CPU
		{2803C9AB-360C-4097-8D38-4C83E5CD6015}.Debug|Any CPU.ActiveCfg = Debug|Any CPU
		{2803C9AB-360C-4097-8D38-4C83E5CD6015}.Debug|Any CPU.Build.0 = Debug|Any CPU
		{2803C9AB-360C-4097-8D38-4C83E5CD6015}.Release|Any CPU.ActiveCfg = Release|Any CPU
		{2803C9AB-360C-4097-8D38-4C83E5CD6015}.Release|Any CPU.Build.0 = Release|Any CPU
		{8400B433-8346-483A-9861-2948963CCD32}.Debug|Any CPU.ActiveCfg = Debug|Any CPU
		{8400B433-8346-483A-9861-2948963CCD32}.Debug|Any CPU.Build.0 = Debug|Any CPU
		{8400B433-8346-483A-9861-2948963CCD32}.Release|Any CPU.ActiveCfg = Release|Any CPU
		{8400B433-8346-483A-9861-2948963CCD32}.Release|Any CPU.Build.0 = Release|Any CPU
		{73CD8EA1-FE0F-488B-A68A-8C54C8AF9557}.Debug|Any CPU.ActiveCfg = Debug|Any CPU
		{73CD8EA1-FE0F-488B-A68A-8C54C8AF9557}.Debug|Any CPU.Build.0 = Debug|Any CPU
		{73CD8EA1-FE0F-488B-A68A-8C54C8AF9557}.Release|Any CPU.ActiveCfg = Release|Any CPU
		{73CD8EA1-FE0F-488B-A68A-8C54C8AF9557}.Release|Any CPU.Build.0 = Release|Any CPU
		{3C85428F-1002-41ED-9712-BF8033D660B0}.Debug|Any CPU.ActiveCfg = Debug|Any CPU
		{3C85428F-1002-41ED-9712-BF8033D660B0}.Debug|Any CPU.Build.0 = Debug|Any CPU
		{3C85428F-1002-41ED-9712-BF8033D660B0}.Release|Any CPU.ActiveCfg = Release|Any CPU
		{3C85428F-1002-41ED-9712-BF8033D660B0}.Release|Any CPU.Build.0 = Release|Any CPU
		{973477B3-6505-492D-B6A4-4E7A8C37992F}.Debug|Any CPU.ActiveCfg = Debug|Any CPU
		{973477B3-6505-492D-B6A4-4E7A8C37992F}.Debug|Any CPU.Build.0 = Debug|Any CPU
		{973477B3-6505-492D-B6A4-4E7A8C37992F}.Release|Any CPU.ActiveCfg = Release|Any CPU
		{973477B3-6505-492D-B6A4-4E7A8C37992F}.Release|Any CPU.Build.0 = Release|Any CPU
		{744B91F0-61DF-4B73-9774-A88AA71E3113}.Debug|Any CPU.ActiveCfg = Debug|Any CPU
		{744B91F0-61DF-4B73-9774-A88AA71E3113}.Debug|Any CPU.Build.0 = Debug|Any CPU
		{744B91F0-61DF-4B73-9774-A88AA71E3113}.Release|Any CPU.ActiveCfg = Release|Any CPU
		{744B91F0-61DF-4B73-9774-A88AA71E3113}.Release|Any CPU.Build.0 = Release|Any CPU
		{59F36064-D973-488A-A91E-7174C0F01F60}.Debug|Any CPU.ActiveCfg = Debug|Any CPU
		{59F36064-D973-488A-A91E-7174C0F01F60}.Debug|Any CPU.Build.0 = Debug|Any CPU
		{59F36064-D973-488A-A91E-7174C0F01F60}.Release|Any CPU.ActiveCfg = Release|Any CPU
		{59F36064-D973-488A-A91E-7174C0F01F60}.Release|Any CPU.Build.0 = Release|Any CPU
		{3A77B50B-93D8-4C95-82F6-08C09C3BB678}.Debug|Any CPU.ActiveCfg = Debug|Any CPU
		{3A77B50B-93D8-4C95-82F6-08C09C3BB678}.Debug|Any CPU.Build.0 = Debug|Any CPU
		{3A77B50B-93D8-4C95-82F6-08C09C3BB678}.Release|Any CPU.ActiveCfg = Release|Any CPU
		{3A77B50B-93D8-4C95-82F6-08C09C3BB678}.Release|Any CPU.Build.0 = Release|Any CPU
		{48AF3DDE-054F-4315-AF07-5DA113F98E2C}.Debug|Any CPU.ActiveCfg = Debug|Any CPU
		{48AF3DDE-054F-4315-AF07-5DA113F98E2C}.Debug|Any CPU.Build.0 = Debug|Any CPU
		{48AF3DDE-054F-4315-AF07-5DA113F98E2C}.Release|Any CPU.ActiveCfg = Release|Any CPU
		{48AF3DDE-054F-4315-AF07-5DA113F98E2C}.Release|Any CPU.Build.0 = Release|Any CPU
		{D3D33916-8552-481C-B21D-5FB39E1D038F}.Debug|Any CPU.ActiveCfg = Debug|Any CPU
		{D3D33916-8552-481C-B21D-5FB39E1D038F}.Debug|Any CPU.Build.0 = Debug|Any CPU
		{D3D33916-8552-481C-B21D-5FB39E1D038F}.Release|Any CPU.ActiveCfg = Release|Any CPU
		{D3D33916-8552-481C-B21D-5FB39E1D038F}.Release|Any CPU.Build.0 = Release|Any CPU
		{55A2DBDB-95BF-43E9-BA51-E0E64FFF0ADF}.Debug|Any CPU.ActiveCfg = Debug|Any CPU
		{55A2DBDB-95BF-43E9-BA51-E0E64FFF0ADF}.Debug|Any CPU.Build.0 = Debug|Any CPU
		{55A2DBDB-95BF-43E9-BA51-E0E64FFF0ADF}.Release|Any CPU.ActiveCfg = Release|Any CPU
		{55A2DBDB-95BF-43E9-BA51-E0E64FFF0ADF}.Release|Any CPU.Build.0 = Release|Any CPU
		{7ED5424C-F489-4B8A-946E-BB034E3503E4}.Debug|Any CPU.ActiveCfg = Debug|Any CPU
		{7ED5424C-F489-4B8A-946E-BB034E3503E4}.Debug|Any CPU.Build.0 = Debug|Any CPU
		{7ED5424C-F489-4B8A-946E-BB034E3503E4}.Release|Any CPU.ActiveCfg = Release|Any CPU
		{7ED5424C-F489-4B8A-946E-BB034E3503E4}.Release|Any CPU.Build.0 = Release|Any CPU
		{FC583EF5-BE30-4317-A8C9-E2815B7DFC4D}.Debug|Any CPU.ActiveCfg = Debug|Any CPU
		{FC583EF5-BE30-4317-A8C9-E2815B7DFC4D}.Debug|Any CPU.Build.0 = Debug|Any CPU
		{FC583EF5-BE30-4317-A8C9-E2815B7DFC4D}.Release|Any CPU.ActiveCfg = Release|Any CPU
		{FC583EF5-BE30-4317-A8C9-E2815B7DFC4D}.Release|Any CPU.Build.0 = Release|Any CPU
		{6E13246B-8CAF-416A-9B83-2288CA419156}.Debug|Any CPU.ActiveCfg = Debug|Any CPU
		{6E13246B-8CAF-416A-9B83-2288CA419156}.Debug|Any CPU.Build.0 = Debug|Any CPU
		{6E13246B-8CAF-416A-9B83-2288CA419156}.Release|Any CPU.ActiveCfg = Release|Any CPU
		{6E13246B-8CAF-416A-9B83-2288CA419156}.Release|Any CPU.Build.0 = Release|Any CPU
		{8D43D8BB-00EB-4997-9462-EB6EB5C82432}.Debug|Any CPU.ActiveCfg = Debug|Any CPU
		{8D43D8BB-00EB-4997-9462-EB6EB5C82432}.Debug|Any CPU.Build.0 = Debug|Any CPU
		{8D43D8BB-00EB-4997-9462-EB6EB5C82432}.Release|Any CPU.ActiveCfg = Release|Any CPU
		{8D43D8BB-00EB-4997-9462-EB6EB5C82432}.Release|Any CPU.Build.0 = Release|Any CPU
		{3E33187D-5FCA-4A65-84EB-6B2139802693}.Debug|Any CPU.ActiveCfg = Debug|Any CPU
		{3E33187D-5FCA-4A65-84EB-6B2139802693}.Debug|Any CPU.Build.0 = Debug|Any CPU
		{3E33187D-5FCA-4A65-84EB-6B2139802693}.Release|Any CPU.ActiveCfg = Release|Any CPU
		{3E33187D-5FCA-4A65-84EB-6B2139802693}.Release|Any CPU.Build.0 = Release|Any CPU
		{854BE53D-6780-4FFB-8E67-22E4A6761DCE}.Debug|Any CPU.ActiveCfg = Debug|Any CPU
		{854BE53D-6780-4FFB-8E67-22E4A6761DCE}.Debug|Any CPU.Build.0 = Debug|Any CPU
		{854BE53D-6780-4FFB-8E67-22E4A6761DCE}.Release|Any CPU.ActiveCfg = Release|Any CPU
		{854BE53D-6780-4FFB-8E67-22E4A6761DCE}.Release|Any CPU.Build.0 = Release|Any CPU
		{86E0376B-9C05-492A-9F87-908BBCC1BAD2}.Debug|Any CPU.ActiveCfg = Debug|Any CPU
		{86E0376B-9C05-492A-9F87-908BBCC1BAD2}.Debug|Any CPU.Build.0 = Debug|Any CPU
		{86E0376B-9C05-492A-9F87-908BBCC1BAD2}.Release|Any CPU.ActiveCfg = Release|Any CPU
		{86E0376B-9C05-492A-9F87-908BBCC1BAD2}.Release|Any CPU.Build.0 = Release|Any CPU
		{E5F8FECC-A428-4E98-ADC5-91FFE84F688D}.Debug|Any CPU.ActiveCfg = Debug|Any CPU
		{E5F8FECC-A428-4E98-ADC5-91FFE84F688D}.Debug|Any CPU.Build.0 = Debug|Any CPU
		{E5F8FECC-A428-4E98-ADC5-91FFE84F688D}.Release|Any CPU.ActiveCfg = Release|Any CPU
		{E5F8FECC-A428-4E98-ADC5-91FFE84F688D}.Release|Any CPU.Build.0 = Release|Any CPU
		{CFD97194-D0DE-4C89-925E-8143BE260C33}.Debug|Any CPU.ActiveCfg = Debug|Any CPU
		{CFD97194-D0DE-4C89-925E-8143BE260C33}.Debug|Any CPU.Build.0 = Debug|Any CPU
		{CFD97194-D0DE-4C89-925E-8143BE260C33}.Release|Any CPU.ActiveCfg = Release|Any CPU
		{CFD97194-D0DE-4C89-925E-8143BE260C33}.Release|Any CPU.Build.0 = Release|Any CPU
		{867BA6DF-6554-47BC-9487-5254FBA54221}.Debug|Any CPU.ActiveCfg = Debug|Any CPU
		{867BA6DF-6554-47BC-9487-5254FBA54221}.Debug|Any CPU.Build.0 = Debug|Any CPU
		{867BA6DF-6554-47BC-9487-5254FBA54221}.Release|Any CPU.ActiveCfg = Release|Any CPU
		{867BA6DF-6554-47BC-9487-5254FBA54221}.Release|Any CPU.Build.0 = Release|Any CPU
		{415C115D-61C7-4BA3-B4C2-E9C5317688CF}.Debug|Any CPU.ActiveCfg = Debug|Any CPU
		{415C115D-61C7-4BA3-B4C2-E9C5317688CF}.Debug|Any CPU.Build.0 = Debug|Any CPU
		{415C115D-61C7-4BA3-B4C2-E9C5317688CF}.Release|Any CPU.ActiveCfg = Release|Any CPU
		{415C115D-61C7-4BA3-B4C2-E9C5317688CF}.Release|Any CPU.Build.0 = Release|Any CPU
		{8FF444C0-8B17-4744-87A1-5A2DCD89050E}.Debug|Any CPU.ActiveCfg = Debug|Any CPU
		{8FF444C0-8B17-4744-87A1-5A2DCD89050E}.Debug|Any CPU.Build.0 = Debug|Any CPU
		{8FF444C0-8B17-4744-87A1-5A2DCD89050E}.Release|Any CPU.ActiveCfg = Release|Any CPU
		{8FF444C0-8B17-4744-87A1-5A2DCD89050E}.Release|Any CPU.Build.0 = Release|Any CPU
	EndGlobalSection
	GlobalSection(SolutionProperties) = preSolution
		HideSolutionNode = FALSE
	EndGlobalSection
	GlobalSection(NestedProjects) = preSolution
		{8B22BA8F-2FDA-46FA-A7C5-612F1ACB1E0C} = {016608F4-70E8-402C-966C-2D651B6A0319}
		{2803C9AB-360C-4097-8D38-4C83E5CD6015} = {0113DACB-8EA3-4A21-93C4-CAB1EB94D45F}
		{8400B433-8346-483A-9861-2948963CCD32} = {AA0D7186-510A-4D4D-983A-E7FECE769E92}
		{73CD8EA1-FE0F-488B-A68A-8C54C8AF9557} = {0113DACB-8EA3-4A21-93C4-CAB1EB94D45F}
		{3C85428F-1002-41ED-9712-BF8033D660B0} = {AA0D7186-510A-4D4D-983A-E7FECE769E92}
		{973477B3-6505-492D-B6A4-4E7A8C37992F} = {53F39630-333F-4943-89F4-C338FE6BFF1F}
		{744B91F0-61DF-4B73-9774-A88AA71E3113} = {016608F4-70E8-402C-966C-2D651B6A0319}
		{59F36064-D973-488A-A91E-7174C0F01F60} = {016608F4-70E8-402C-966C-2D651B6A0319}
		{3A77B50B-93D8-4C95-82F6-08C09C3BB678} = {016608F4-70E8-402C-966C-2D651B6A0319}
		{48AF3DDE-054F-4315-AF07-5DA113F98E2C} = {AA0D7186-510A-4D4D-983A-E7FECE769E92}
		{D3D33916-8552-481C-B21D-5FB39E1D038F} = {AA0D7186-510A-4D4D-983A-E7FECE769E92}
		{55A2DBDB-95BF-43E9-BA51-E0E64FFF0ADF} = {016608F4-70E8-402C-966C-2D651B6A0319}
		{7ED5424C-F489-4B8A-946E-BB034E3503E4} = {016608F4-70E8-402C-966C-2D651B6A0319}
		{FC583EF5-BE30-4317-A8C9-E2815B7DFC4D} = {016608F4-70E8-402C-966C-2D651B6A0319}
		{6E13246B-8CAF-416A-9B83-2288CA419156} = {016608F4-70E8-402C-966C-2D651B6A0319}
		{8D43D8BB-00EB-4997-9462-EB6EB5C82432} = {016608F4-70E8-402C-966C-2D651B6A0319}
		{3E33187D-5FCA-4A65-84EB-6B2139802693} = {016608F4-70E8-402C-966C-2D651B6A0319}
		{854BE53D-6780-4FFB-8E67-22E4A6761DCE} = {016608F4-70E8-402C-966C-2D651B6A0319}
		{86E0376B-9C05-492A-9F87-908BBCC1BAD2} = {AA0D7186-510A-4D4D-983A-E7FECE769E92}
		{E5F8FECC-A428-4E98-ADC5-91FFE84F688D} = {0113DACB-8EA3-4A21-93C4-CAB1EB94D45F}
		{CFD97194-D0DE-4C89-925E-8143BE260C33} = {0113DACB-8EA3-4A21-93C4-CAB1EB94D45F}
		{016608F4-70E8-402C-966C-2D651B6A0319} = {0113DACB-8EA3-4A21-93C4-CAB1EB94D45F}
		{867BA6DF-6554-47BC-9487-5254FBA54221} = {016608F4-70E8-402C-966C-2D651B6A0319}
		{415C115D-61C7-4BA3-B4C2-E9C5317688CF} = {6BBC618D-1DFF-4FA4-B856-F2EB87928AC3}
		{8FF444C0-8B17-4744-87A1-5A2DCD89050E} = {016608F4-70E8-402C-966C-2D651B6A0319}
	EndGlobalSection
	GlobalSection(ExtensibilityGlobals) = postSolution
		SolutionGuid = {87D265C7-413F-4CF5-A684-6D860C49A3AE}
	EndGlobalSection
EndGlobal
