
Microsoft Visual Studio Solution File, Format Version 12.00
# Visual Studio Version 17
VisualStudioVersion = 17.13.35931.197
MinimumVisualStudioVersion = 10.0.40219.1
Project("{2150E333-8FDC-42A3-9474-1A3956D46DE8}") = "App", "App", "{02EA681E-C7D8-13C7-8484-4AC65E1B71E8}"
	ProjectSection(SolutionItems) = preProject
		App\Domain\App.Domain.csproj = App\Domain\App.Domain.csproj
	EndProjectSection
EndProject
Project("{2150E333-8FDC-42A3-9474-1A3956D46DE8}") = "Auth", "Auth", "{369CB01D-A1A7-72D2-AABC-3F0945D148A2}"
EndProject
Project("{2150E333-8FDC-42A3-9474-1A3956D46DE8}") = "AutoTask", "AutoTask", "{7DC331D0-3EC4-40A6-69FB-1CBEB2E0D1EA}"
EndProject
Project("{2150E333-8FDC-42A3-9474-1A3956D46DE8}") = "Kevin", "Kevin", "{643747C7-0307-8931-84D8-A7D1915E22E5}"
EndProject
Project("{2150E333-8FDC-42A3-9474-1A3956D46DE8}") = "Test", "Test", "{5835D766-9847-1D08-5E95-5A99FD0F495D}"
EndProject
Project("{2150E333-8FDC-42A3-9474-1A3956D46DE8}") = "Module", "Module", "{52538984-57B4-4B42-8D6D-86B07E33B4A6}"
EndProject
Project("{FAE04EC0-301F-11D3-BF4B-00C04F79EFBC}") = "App.WebApi", "App\WebApi\App.WebApi.csproj", "{52D282DB-861A-E5D1-4268-C6397EA4ABB7}"
EndProject
Project("{FAE04EC0-301F-11D3-BF4B-00C04F79EFBC}") = "App.Application", "App\Service\App.Application.csproj", "{3EFE6794-4977-CA25-EFD8-16EE84D3A1EE}"
EndProject
Project("{FAE04EC0-301F-11D3-BF4B-00C04F79EFBC}") = "App.RepositorieRps", "App\Repositories\App.RepositorieRps.csproj", "{A46C0709-D2BD-A23A-139A-3F59DBD0EB34}"
EndProject
Project("{FAE04EC0-301F-11D3-BF4B-00C04F79EFBC}") = "App.Share", "App\AppShare\App.Share.csproj", "{7C3C2C18-FE28-5820-C1EB-344E012948AE}"
EndProject
Project("{FAE04EC0-301F-11D3-BF4B-00C04F79EFBC}") = "App.AuthorizationService", "Auth\AuthorizationService\App.AuthorizationService.csproj", "{8BEFE687-8459-53C2-072C-2BAD7272629A}"
EndProject
Project("{FAE04EC0-301F-11D3-BF4B-00C04F79EFBC}") = "App.TaskQuartz", "AutoTask\Quartz\App.TaskQuartz.csproj", "{F9E6CF6D-CE15-49FD-E4AC-3A422C8BAF8D}"
EndProject
Project("{FAE04EC0-301F-11D3-BF4B-00C04F79EFBC}") = "kevin.Domain", "Kevin\kevin.Domain\kevin.Domain.csproj", "{7C6CA26E-C608-3DE0-6DE5-E6E3949C3919}"
EndProject
Project("{FAE04EC0-301F-11D3-BF4B-00C04F79EFBC}") = "Kevin.EntityFrameworkCore", "Kevin\Kevin.EntityFrameworkCore\Kevin.EntityFrameworkCore.csproj", "{F2265318-FE7B-426C-B826-060EEF581FFB}"
EndProject
Project("{FAE04EC0-301F-11D3-BF4B-00C04F79EFBC}") = "kevin.Domain.Share", "Kevin\kevin.Share\kevin.Domain.Share.csproj", "{EF6667C9-DB87-8889-4B51-D11A809FCB94}"
EndProject
Project("{FAE04EC0-301F-11D3-BF4B-00C04F79EFBC}") = "Kevin.Web", "Kevin\Kevin.Web\Kevin.Web.csproj", "{108E59CC-6CD0-4B34-EE75-5628DB3120B2}"
EndProject
Project("{FAE04EC0-301F-11D3-BF4B-00C04F79EFBC}") = "Kevin.AI", "Kevin\kevin.Module\Kevin.AI\Kevin.AI.csproj", "{704F47E3-F992-802C-6BB3-B5A3BCE9927B}"
EndProject
Project("{FAE04EC0-301F-11D3-BF4B-00C04F79EFBC}") = "kevin.Cache", "Kevin\kevin.Module\kevin.Cache\kevin.Cache.csproj", "{EE5B5960-E695-D7AC-F504-255BC2886A9D}"
EndProject
Project("{FAE04EC0-301F-11D3-BF4B-00C04F79EFBC}") = "kevin.Cap", "Kevin\kevin.Module\kevin.Cap\kevin.Cap.csproj", "{AD181534-0810-ECF4-4341-05688612EF1C}"
EndProject
Project("{FAE04EC0-301F-11D3-BF4B-00C04F79EFBC}") = "Kevin.Common", "Kevin\kevin.Module\Kevin.Common\Kevin.Common.csproj", "{EFE09F94-22AB-6072-A7A5-332F369980F1}"
EndProject
Project("{FAE04EC0-301F-11D3-BF4B-00C04F79EFBC}") = "kevin.Consul", "Kevin\kevin.Module\kevin.Consul\kevin.Consul.csproj", "{18B2CA03-CBD9-AC02-6D16-EA5AE6A1144B}"
EndProject
Project("{FAE04EC0-301F-11D3-BF4B-00C04F79EFBC}") = "Kevin.Cors", "Kevin\kevin.Module\Kevin.Cors\Kevin.Cors.csproj", "{FBC38BD5-9CBD-D2DF-7ED2-4DB33F56DA9F}"
EndProject
Project("{FAE04EC0-301F-11D3-BF4B-00C04F79EFBC}") = "kevin.CrawlingService", "Kevin\kevin.Module\Kevin.CrawlingService\kevin.CrawlingService.csproj", "{796FC248-0657-B212-65ED-E1A742F80DF8}"
EndProject
Project("{FAE04EC0-301F-11D3-BF4B-00C04F79EFBC}") = "kevin.DistributedLock", "Kevin\kevin.Module\kevin.DistributedLock\kevin.DistributedLock.csproj", "{53925C85-E865-0A2D-F4BD-2612A8FEAB88}"
EndProject
Project("{FAE04EC0-301F-11D3-BF4B-00C04F79EFBC}") = "kevin.Domain.EventBus", "Kevin\kevin.Module\kevin.Domain.EventBus\kevin.Domain.EventBus.csproj", "{E67071DB-FE2F-960E-814E-E17C9645DE76}"
EndProject
Project("{FAE04EC0-301F-11D3-BF4B-00C04F79EFBC}") = "kevin.ESL", "Kevin\kevin.Module\kevin.ESL\kevin.ESL.csproj", "{3C3E3B54-1417-4F27-0D99-55541B1EB766}"
EndProject
Project("{FAE04EC0-301F-11D3-BF4B-00C04F79EFBC}") = "kevin.FileStorage", "Kevin\kevin.Module\kevin.FileStorage\kevin.FileStorage.csproj", "{A9B1F984-14B8-8F36-6B0A-B653C98DA2DB}"
EndProject
Project("{FAE04EC0-301F-11D3-BF4B-00C04F79EFBC}") = "Kevin.log4Net", "Kevin\kevin.Module\Kevin.log4Net\Kevin.log4Net.csproj", "{6F0FBCB8-4CFA-EB1F-0462-7720CDA1584C}"
EndProject
Project("{FAE04EC0-301F-11D3-BF4B-00C04F79EFBC}") = "Kevin.HttpApiClients", "Kevin\kevin.Module\Kevin.HttpApiClients\Kevin.HttpApiClients.csproj", "{8E51AE6C-D3E9-9CDB-3BF1-3238FD8A53E0}"
EndProject
Project("{FAE04EC0-301F-11D3-BF4B-00C04F79EFBC}") = "kevin.Ioc", "Kevin\kevin.Module\kevin.Ioc\kevin.Ioc.csproj", "{FA8D9501-08BF-8239-8CA6-76BA6CDFEF9A}"
EndProject
Project("{FAE04EC0-301F-11D3-BF4B-00C04F79EFBC}") = "Kevin.AI.MCP.Server", "Kevin\kevin.Module\Kevin.MCP.Server\Kevin.AI.MCP.Server.csproj", "{3EAC0970-D28A-8920-4D28-E92FCD3B77ED}"
EndProject
Project("{FAE04EC0-301F-11D3-BF4B-00C04F79EFBC}") = "kevin.Permission", "Kevin\kevin.Module\kevin.Permission\kevin.Permission.csproj", "{B8DC8E21-CDB5-0F3F-387F-FE95FDD60899}"
EndProject
Project("{FAE04EC0-301F-11D3-BF4B-00C04F79EFBC}") = "Kevin.AI.SemanticKernel", "Kevin\kevin.Module\Kevin.SemanticKernel.AI\Kevin.AI.SemanticKernel.csproj", "{5DD1B555-3407-1233-CF5C-356EF197E400}"
EndProject
Project("{FAE04EC0-301F-11D3-BF4B-00C04F79EFBC}") = "Kevin.SignalR", "Kevin\kevin.Module\Kevin.SignalR\Kevin.SignalR.csproj", "{D80D54A7-90A9-6746-335A-AF5CA7F07F65}"
EndProject
Project("{FAE04EC0-301F-11D3-BF4B-00C04F79EFBC}") = "Kevin.SMS", "Kevin\kevin.Module\Kevin.SMS\Kevin.SMS.csproj", "{36490CE4-EC0E-D8B3-519E-EB6B8EF7E579}"
EndProject
Project("{FAE04EC0-301F-11D3-BF4B-00C04F79EFBC}") = "Kevin.Api.Versioning", "Kevin\kevin.Module\Kevin.Versioning.Swagger\Kevin.Api.Versioning.csproj", "{3F142BBE-70AF-B8DF-61B5-227E973BE469}"
EndProject
Project("{FAE04EC0-301F-11D3-BF4B-00C04F79EFBC}") = "kevin.Application", "Kevin\Kevin.Application\kevin.Application.csproj", "{5D6248EE-8ED2-2A34-6932-993FF0468AA4}"
EndProject
Project("{FAE04EC0-301F-11D3-BF4B-00C04F79EFBC}") = "kevin.RepositorieRps", "Kevin\kevin.RepositorieRps\kevin.RepositorieRps.csproj", "{B2C8547E-8761-FF15-62A7-2579978C1620}"
EndProject
Project("{FAE04EC0-301F-11D3-BF4B-00C04F79EFBC}") = "Kevin.Testing.Shared", "Test\Testing.Shared\Kevin.Testing.Shared.csproj", "{018AD859-52A7-4C89-A44E-3D044E9B014F}"
EndProject
Project("{FAE04EC0-301F-11D3-BF4B-00C04F79EFBC}") = "Kevin.Unit.Tests", "Test\Kevin.Web.Test\Kevin.Unit.Tests.csproj", "{FCD2D47A-C0AE-6100-9ABA-26E7914052A6}"
EndProject
Project("{FAE04EC0-301F-11D3-BF4B-00C04F79EFBC}") = "Kevin.Integration.Tests", "Test\Kvin.Integration.Tests\Kevin.Integration.Tests.csproj", "{CD24E466-1A49-4C54-D9C7-86330F60CA4C}"
EndProject
Project("{FAE04EC0-301F-11D3-BF4B-00C04F79EFBC}") = "kevin.RabbitMQ", "Kevin\kevin.Module\kevin.RabbitMQ\kevin.RabbitMQ.csproj", "{523A36F6-90FE-4536-9AA5-B63E02656AEE}"
EndProject
Project("{FAE04EC0-301F-11D3-BF4B-00C04F79EFBC}") = "kevin.AI.AgentFramework", "Kevin\kevin.Module\kevin.AI.AgentFramework\kevin.AI.AgentFramework.csproj", "{B1D3B6B6-2615-3FB5-8771-1615593500A6}"
EndProject
Project("{FAE04EC0-301F-11D3-BF4B-00C04F79EFBC}") = "Kevin.Email", "Kevin\kevin.Module\Kevin.Email\Kevin.Email.csproj", "{5DAE97D6-95D0-4DEF-851B-3AB5C957D731}"
EndProject
Project("{FAE04EC0-301F-11D3-BF4B-00C04F79EFBC}") = "Kevin.ALL.Module", "Kevin\kevin.Module\Kevin.ALL.Module\Kevin.ALL.Module.csproj", "{A23EF94F-7B0D-448B-9076-CCCCCEB30B3D}"
EndProject
Project("{FAE04EC0-301F-11D3-BF4B-00C04F79EFBC}") = "Kevin.SnowflakeId", "Kevin\kevin.Module\Kevin.SnowflakeId\Kevin.SnowflakeId.csproj", "{36F54997-09F2-4DF1-A89B-CD55BF959B88}"
EndProject
Project("{FAE04EC0-301F-11D3-BF4B-00C04F79EFBC}") = "kevin.CodeGenerator", "Kevin\kevin.Module\kevin.CodeGenerator\kevin.CodeGenerator.csproj", "{05676B88-449A-5538-723D-58C17BD985A3}"
EndProject
Project("{FAE04EC0-301F-11D3-BF4B-00C04F79EFBC}") = "App.Domain", "App\Domain\App.Domain.csproj", "{BD3E6C71-3624-AE84-F2B7-8D9DDC6E560D}"
EndProject
Global
	GlobalSection(SolutionConfigurationPlatforms) = preSolution
		Debug|Any CPU = Debug|Any CPU
		Release|Any CPU = Release|Any CPU
	EndGlobalSection
	GlobalSection(ProjectConfigurationPlatforms) = postSolution
		{52D282DB-861A-E5D1-4268-C6397EA4ABB7}.Debug|Any CPU.ActiveCfg = Debug|Any CPU
		{52D282DB-861A-E5D1-4268-C6397EA4ABB7}.Debug|Any CPU.Build.0 = Debug|Any CPU
		{52D282DB-861A-E5D1-4268-C6397EA4ABB7}.Release|Any CPU.ActiveCfg = Release|Any CPU
		{52D282DB-861A-E5D1-4268-C6397EA4ABB7}.Release|Any CPU.Build.0 = Release|Any CPU
		{3EFE6794-4977-CA25-EFD8-16EE84D3A1EE}.Debug|Any CPU.ActiveCfg = Debug|Any CPU
		{3EFE6794-4977-CA25-EFD8-16EE84D3A1EE}.Debug|Any CPU.Build.0 = Debug|Any CPU
		{3EFE6794-4977-CA25-EFD8-16EE84D3A1EE}.Release|Any CPU.ActiveCfg = Release|Any CPU
		{3EFE6794-4977-CA25-EFD8-16EE84D3A1EE}.Release|Any CPU.Build.0 = Release|Any CPU
		{A46C0709-D2BD-A23A-139A-3F59DBD0EB34}.Debug|Any CPU.ActiveCfg = Debug|Any CPU
		{A46C0709-D2BD-A23A-139A-3F59DBD0EB34}.Debug|Any CPU.Build.0 = Debug|Any CPU
		{A46C0709-D2BD-A23A-139A-3F59DBD0EB34}.Release|Any CPU.ActiveCfg = Release|Any CPU
		{A46C0709-D2BD-A23A-139A-3F59DBD0EB34}.Release|Any CPU.Build.0 = Release|Any CPU
		{7C3C2C18-FE28-5820-C1EB-344E012948AE}.Debug|Any CPU.ActiveCfg = Debug|Any CPU
		{7C3C2C18-FE28-5820-C1EB-344E012948AE}.Debug|Any CPU.Build.0 = Debug|Any CPU
		{7C3C2C18-FE28-5820-C1EB-344E012948AE}.Release|Any CPU.ActiveCfg = Release|Any CPU
		{7C3C2C18-FE28-5820-C1EB-344E012948AE}.Release|Any CPU.Build.0 = Release|Any CPU
		{8BEFE687-8459-53C2-072C-2BAD7272629A}.Debug|Any CPU.ActiveCfg = Debug|Any CPU
		{8BEFE687-8459-53C2-072C-2BAD7272629A}.Debug|Any CPU.Build.0 = Debug|Any CPU
		{8BEFE687-8459-53C2-072C-2BAD7272629A}.Release|Any CPU.ActiveCfg = Release|Any CPU
		{8BEFE687-8459-53C2-072C-2BAD7272629A}.Release|Any CPU.Build.0 = Release|Any CPU
		{F9E6CF6D-CE15-49FD-E4AC-3A422C8BAF8D}.Debug|Any CPU.ActiveCfg = Debug|Any CPU
		{F9E6CF6D-CE15-49FD-E4AC-3A422C8BAF8D}.Debug|Any CPU.Build.0 = Debug|Any CPU
		{F9E6CF6D-CE15-49FD-E4AC-3A422C8BAF8D}.Release|Any CPU.ActiveCfg = Release|Any CPU
		{F9E6CF6D-CE15-49FD-E4AC-3A422C8BAF8D}.Release|Any CPU.Build.0 = Release|Any CPU
		{7C6CA26E-C608-3DE0-6DE5-E6E3949C3919}.Debug|Any CPU.ActiveCfg = Debug|Any CPU
		{7C6CA26E-C608-3DE0-6DE5-E6E3949C3919}.Debug|Any CPU.Build.0 = Debug|Any CPU
		{7C6CA26E-C608-3DE0-6DE5-E6E3949C3919}.Release|Any CPU.ActiveCfg = Release|Any CPU
		{7C6CA26E-C608-3DE0-6DE5-E6E3949C3919}.Release|Any CPU.Build.0 = Release|Any CPU
		{F2265318-FE7B-426C-B826-060EEF581FFB}.Debug|Any CPU.ActiveCfg = Debug|Any CPU
		{F2265318-FE7B-426C-B826-060EEF581FFB}.Debug|Any CPU.Build.0 = Debug|Any CPU
		{F2265318-FE7B-426C-B826-060EEF581FFB}.Release|Any CPU.ActiveCfg = Release|Any CPU
		{F2265318-FE7B-426C-B826-060EEF581FFB}.Release|Any CPU.Build.0 = Release|Any CPU
		{EF6667C9-DB87-8889-4B51-D11A809FCB94}.Debug|Any CPU.ActiveCfg = Debug|Any CPU
		{EF6667C9-DB87-8889-4B51-D11A809FCB94}.Debug|Any CPU.Build.0 = Debug|Any CPU
		{EF6667C9-DB87-8889-4B51-D11A809FCB94}.Release|Any CPU.ActiveCfg = Release|Any CPU
		{EF6667C9-DB87-8889-4B51-D11A809FCB94}.Release|Any CPU.Build.0 = Release|Any CPU
		{108E59CC-6CD0-4B34-EE75-5628DB3120B2}.Debug|Any CPU.ActiveCfg = Debug|Any CPU
		{108E59CC-6CD0-4B34-EE75-5628DB3120B2}.Debug|Any CPU.Build.0 = Debug|Any CPU
		{108E59CC-6CD0-4B34-EE75-5628DB3120B2}.Release|Any CPU.ActiveCfg = Release|Any CPU
		{108E59CC-6CD0-4B34-EE75-5628DB3120B2}.Release|Any CPU.Build.0 = Release|Any CPU
		{704F47E3-F992-802C-6BB3-B5A3BCE9927B}.Debug|Any CPU.ActiveCfg = Debug|Any CPU
		{704F47E3-F992-802C-6BB3-B5A3BCE9927B}.Debug|Any CPU.Build.0 = Debug|Any CPU
		{704F47E3-F992-802C-6BB3-B5A3BCE9927B}.Release|Any CPU.ActiveCfg = Release|Any CPU
		{704F47E3-F992-802C-6BB3-B5A3BCE9927B}.Release|Any CPU.Build.0 = Release|Any CPU
		{EE5B5960-E695-D7AC-F504-255BC2886A9D}.Debug|Any CPU.ActiveCfg = Debug|Any CPU
		{EE5B5960-E695-D7AC-F504-255BC2886A9D}.Debug|Any CPU.Build.0 = Debug|Any CPU
		{EE5B5960-E695-D7AC-F504-255BC2886A9D}.Release|Any CPU.ActiveCfg = Release|Any CPU
		{EE5B5960-E695-D7AC-F504-255BC2886A9D}.Release|Any CPU.Build.0 = Release|Any CPU
		{AD181534-0810-ECF4-4341-05688612EF1C}.Debug|Any CPU.ActiveCfg = Debug|Any CPU
		{AD181534-0810-ECF4-4341-05688612EF1C}.Debug|Any CPU.Build.0 = Debug|Any CPU
		{AD181534-0810-ECF4-4341-05688612EF1C}.Release|Any CPU.ActiveCfg = Release|Any CPU
		{AD181534-0810-ECF4-4341-05688612EF1C}.Release|Any CPU.Build.0 = Release|Any CPU
		{EFE09F94-22AB-6072-A7A5-332F369980F1}.Debug|Any CPU.ActiveCfg = Debug|Any CPU
		{EFE09F94-22AB-6072-A7A5-332F369980F1}.Debug|Any CPU.Build.0 = Debug|Any CPU
		{EFE09F94-22AB-6072-A7A5-332F369980F1}.Release|Any CPU.ActiveCfg = Release|Any CPU
		{EFE09F94-22AB-6072-A7A5-332F369980F1}.Release|Any CPU.Build.0 = Release|Any CPU
		{18B2CA03-CBD9-AC02-6D16-EA5AE6A1144B}.Debug|Any CPU.ActiveCfg = Debug|Any CPU
		{18B2CA03-CBD9-AC02-6D16-EA5AE6A1144B}.Debug|Any CPU.Build.0 = Debug|Any CPU
		{18B2CA03-CBD9-AC02-6D16-EA5AE6A1144B}.Release|Any CPU.ActiveCfg = Release|Any CPU
		{18B2CA03-CBD9-AC02-6D16-EA5AE6A1144B}.Release|Any CPU.Build.0 = Release|Any CPU
		{FBC38BD5-9CBD-D2DF-7ED2-4DB33F56DA9F}.Debug|Any CPU.ActiveCfg = Debug|Any CPU
		{FBC38BD5-9CBD-D2DF-7ED2-4DB33F56DA9F}.Debug|Any CPU.Build.0 = Debug|Any CPU
		{FBC38BD5-9CBD-D2DF-7ED2-4DB33F56DA9F}.Release|Any CPU.ActiveCfg = Release|Any CPU
		{FBC38BD5-9CBD-D2DF-7ED2-4DB33F56DA9F}.Release|Any CPU.Build.0 = Release|Any CPU
		{796FC248-0657-B212-65ED-E1A742F80DF8}.Debug|Any CPU.ActiveCfg = Debug|Any CPU
		{796FC248-0657-B212-65ED-E1A742F80DF8}.Debug|Any CPU.Build.0 = Debug|Any CPU
		{796FC248-0657-B212-65ED-E1A742F80DF8}.Release|Any CPU.ActiveCfg = Release|Any CPU
		{796FC248-0657-B212-65ED-E1A742F80DF8}.Release|Any CPU.Build.0 = Release|Any CPU
		{53925C85-E865-0A2D-F4BD-2612A8FEAB88}.Debug|Any CPU.ActiveCfg = Debug|Any CPU
		{53925C85-E865-0A2D-F4BD-2612A8FEAB88}.Debug|Any CPU.Build.0 = Debug|Any CPU
		{53925C85-E865-0A2D-F4BD-2612A8FEAB88}.Release|Any CPU.ActiveCfg = Release|Any CPU
		{53925C85-E865-0A2D-F4BD-2612A8FEAB88}.Release|Any CPU.Build.0 = Release|Any CPU
		{E67071DB-FE2F-960E-814E-E17C9645DE76}.Debug|Any CPU.ActiveCfg = Debug|Any CPU
		{E67071DB-FE2F-960E-814E-E17C9645DE76}.Debug|Any CPU.Build.0 = Debug|Any CPU
		{E67071DB-FE2F-960E-814E-E17C9645DE76}.Release|Any CPU.ActiveCfg = Release|Any CPU
		{E67071DB-FE2F-960E-814E-E17C9645DE76}.Release|Any CPU.Build.0 = Release|Any CPU
		{3C3E3B54-1417-4F27-0D99-55541B1EB766}.Debug|Any CPU.ActiveCfg = Debug|Any CPU
		{3C3E3B54-1417-4F27-0D99-55541B1EB766}.Debug|Any CPU.Build.0 = Debug|Any CPU
		{3C3E3B54-1417-4F27-0D99-55541B1EB766}.Release|Any CPU.ActiveCfg = Release|Any CPU
		{3C3E3B54-1417-4F27-0D99-55541B1EB766}.Release|Any CPU.Build.0 = Release|Any CPU
		{A9B1F984-14B8-8F36-6B0A-B653C98DA2DB}.Debug|Any CPU.ActiveCfg = Debug|Any CPU
		{A9B1F984-14B8-8F36-6B0A-B653C98DA2DB}.Debug|Any CPU.Build.0 = Debug|Any CPU
		{A9B1F984-14B8-8F36-6B0A-B653C98DA2DB}.Release|Any CPU.ActiveCfg = Release|Any CPU
		{A9B1F984-14B8-8F36-6B0A-B653C98DA2DB}.Release|Any CPU.Build.0 = Release|Any CPU
		{6F0FBCB8-4CFA-EB1F-0462-7720CDA1584C}.Debug|Any CPU.ActiveCfg = Debug|Any CPU
		{6F0FBCB8-4CFA-EB1F-0462-7720CDA1584C}.Debug|Any CPU.Build.0 = Debug|Any CPU
		{6F0FBCB8-4CFA-EB1F-0462-7720CDA1584C}.Release|Any CPU.ActiveCfg = Release|Any CPU
		{6F0FBCB8-4CFA-EB1F-0462-7720CDA1584C}.Release|Any CPU.Build.0 = Release|Any CPU
		{8E51AE6C-D3E9-9CDB-3BF1-3238FD8A53E0}.Debug|Any CPU.ActiveCfg = Debug|Any CPU
		{8E51AE6C-D3E9-9CDB-3BF1-3238FD8A53E0}.Debug|Any CPU.Build.0 = Debug|Any CPU
		{8E51AE6C-D3E9-9CDB-3BF1-3238FD8A53E0}.Release|Any CPU.ActiveCfg = Release|Any CPU
		{8E51AE6C-D3E9-9CDB-3BF1-3238FD8A53E0}.Release|Any CPU.Build.0 = Release|Any CPU
		{FA8D9501-08BF-8239-8CA6-76BA6CDFEF9A}.Debug|Any CPU.ActiveCfg = Debug|Any CPU
		{FA8D9501-08BF-8239-8CA6-76BA6CDFEF9A}.Debug|Any CPU.Build.0 = Debug|Any CPU
		{FA8D9501-08BF-8239-8CA6-76BA6CDFEF9A}.Release|Any CPU.ActiveCfg = Release|Any CPU
		{FA8D9501-08BF-8239-8CA6-76BA6CDFEF9A}.Release|Any CPU.Build.0 = Release|Any CPU
		{3EAC0970-D28A-8920-4D28-E92FCD3B77ED}.Debug|Any CPU.ActiveCfg = Debug|Any CPU
		{3EAC0970-D28A-8920-4D28-E92FCD3B77ED}.Debug|Any CPU.Build.0 = Debug|Any CPU
		{3EAC0970-D28A-8920-4D28-E92FCD3B77ED}.Release|Any CPU.ActiveCfg = Release|Any CPU
		{3EAC0970-D28A-8920-4D28-E92FCD3B77ED}.Release|Any CPU.Build.0 = Release|Any CPU
		{B8DC8E21-CDB5-0F3F-387F-FE95FDD60899}.Debug|Any CPU.ActiveCfg = Debug|Any CPU
		{B8DC8E21-CDB5-0F3F-387F-FE95FDD60899}.Debug|Any CPU.Build.0 = Debug|Any CPU
		{B8DC8E21-CDB5-0F3F-387F-FE95FDD60899}.Release|Any CPU.ActiveCfg = Release|Any CPU
		{B8DC8E21-CDB5-0F3F-387F-FE95FDD60899}.Release|Any CPU.Build.0 = Release|Any CPU
		{5DD1B555-3407-1233-CF5C-356EF197E400}.Debug|Any CPU.ActiveCfg = Debug|Any CPU
		{5DD1B555-3407-1233-CF5C-356EF197E400}.Debug|Any CPU.Build.0 = Debug|Any CPU
		{5DD1B555-3407-1233-CF5C-356EF197E400}.Release|Any CPU.ActiveCfg = Release|Any CPU
		{5DD1B555-3407-1233-CF5C-356EF197E400}.Release|Any CPU.Build.0 = Release|Any CPU
		{D80D54A7-90A9-6746-335A-AF5CA7F07F65}.Debug|Any CPU.ActiveCfg = Debug|Any CPU
		{D80D54A7-90A9-6746-335A-AF5CA7F07F65}.Debug|Any CPU.Build.0 = Debug|Any CPU
		{D80D54A7-90A9-6746-335A-AF5CA7F07F65}.Release|Any CPU.ActiveCfg = Release|Any CPU
		{D80D54A7-90A9-6746-335A-AF5CA7F07F65}.Release|Any CPU.Build.0 = Release|Any CPU
		{36490CE4-EC0E-D8B3-519E-EB6B8EF7E579}.Debug|Any CPU.ActiveCfg = Debug|Any CPU
		{36490CE4-EC0E-D8B3-519E-EB6B8EF7E579}.Debug|Any CPU.Build.0 = Debug|Any CPU
		{36490CE4-EC0E-D8B3-519E-EB6B8EF7E579}.Release|Any CPU.ActiveCfg = Release|Any CPU
		{36490CE4-EC0E-D8B3-519E-EB6B8EF7E579}.Release|Any CPU.Build.0 = Release|Any CPU
		{3F142BBE-70AF-B8DF-61B5-227E973BE469}.Debug|Any CPU.ActiveCfg = Debug|Any CPU
		{3F142BBE-70AF-B8DF-61B5-227E973BE469}.Debug|Any CPU.Build.0 = Debug|Any CPU
		{3F142BBE-70AF-B8DF-61B5-227E973BE469}.Release|Any CPU.ActiveCfg = Release|Any CPU
		{3F142BBE-70AF-B8DF-61B5-227E973BE469}.Release|Any CPU.Build.0 = Release|Any CPU
		{5D6248EE-8ED2-2A34-6932-993FF0468AA4}.Debug|Any CPU.ActiveCfg = Debug|Any CPU
		{5D6248EE-8ED2-2A34-6932-993FF0468AA4}.Debug|Any CPU.Build.0 = Debug|Any CPU
		{5D6248EE-8ED2-2A34-6932-993FF0468AA4}.Release|Any CPU.ActiveCfg = Release|Any CPU
		{5D6248EE-8ED2-2A34-6932-993FF0468AA4}.Release|Any CPU.Build.0 = Release|Any CPU
		{B2C8547E-8761-FF15-62A7-2579978C1620}.Debug|Any CPU.ActiveCfg = Debug|Any CPU
		{B2C8547E-8761-FF15-62A7-2579978C1620}.Debug|Any CPU.Build.0 = Debug|Any CPU
		{B2C8547E-8761-FF15-62A7-2579978C1620}.Release|Any CPU.ActiveCfg = Release|Any CPU
		{B2C8547E-8761-FF15-62A7-2579978C1620}.Release|Any CPU.Build.0 = Release|Any CPU
		{018AD859-52A7-4C89-A44E-3D044E9B014F}.Debug|Any CPU.ActiveCfg = Debug|Any CPU
		{018AD859-52A7-4C89-A44E-3D044E9B014F}.Debug|Any CPU.Build.0 = Debug|Any CPU
		{018AD859-52A7-4C89-A44E-3D044E9B014F}.Release|Any CPU.ActiveCfg = Release|Any CPU
		{018AD859-52A7-4C89-A44E-3D044E9B014F}.Release|Any CPU.Build.0 = Release|Any CPU
		{FCD2D47A-C0AE-6100-9ABA-26E7914052A6}.Debug|Any CPU.ActiveCfg = Debug|Any CPU
		{FCD2D47A-C0AE-6100-9ABA-26E7914052A6}.Debug|Any CPU.Build.0 = Debug|Any CPU
		{FCD2D47A-C0AE-6100-9ABA-26E7914052A6}.Release|Any CPU.ActiveCfg = Release|Any CPU
		{FCD2D47A-C0AE-6100-9ABA-26E7914052A6}.Release|Any CPU.Build.0 = Release|Any CPU
		{CD24E466-1A49-4C54-D9C7-86330F60CA4C}.Debug|Any CPU.ActiveCfg = Debug|Any CPU
		{CD24E466-1A49-4C54-D9C7-86330F60CA4C}.Debug|Any CPU.Build.0 = Debug|Any CPU
		{CD24E466-1A49-4C54-D9C7-86330F60CA4C}.Release|Any CPU.ActiveCfg = Release|Any CPU
		{CD24E466-1A49-4C54-D9C7-86330F60CA4C}.Release|Any CPU.Build.0 = Release|Any CPU
		{523A36F6-90FE-4536-9AA5-B63E02656AEE}.Debug|Any CPU.ActiveCfg = Debug|Any CPU
		{523A36F6-90FE-4536-9AA5-B63E02656AEE}.Debug|Any CPU.Build.0 = Debug|Any CPU
		{523A36F6-90FE-4536-9AA5-B63E02656AEE}.Release|Any CPU.ActiveCfg = Release|Any CPU
		{523A36F6-90FE-4536-9AA5-B63E02656AEE}.Release|Any CPU.Build.0 = Release|Any CPU
		{B1D3B6B6-2615-3FB5-8771-1615593500A6}.Debug|Any CPU.ActiveCfg = Debug|Any CPU
		{B1D3B6B6-2615-3FB5-8771-1615593500A6}.Debug|Any CPU.Build.0 = Debug|Any CPU
		{B1D3B6B6-2615-3FB5-8771-1615593500A6}.Release|Any CPU.ActiveCfg = Release|Any CPU
		{B1D3B6B6-2615-3FB5-8771-1615593500A6}.Release|Any CPU.Build.0 = Release|Any CPU
		{5DAE97D6-95D0-4DEF-851B-3AB5C957D731}.Debug|Any CPU.ActiveCfg = Debug|Any CPU
		{5DAE97D6-95D0-4DEF-851B-3AB5C957D731}.Debug|Any CPU.Build.0 = Debug|Any CPU
		{5DAE97D6-95D0-4DEF-851B-3AB5C957D731}.Release|Any CPU.ActiveCfg = Release|Any CPU
		{5DAE97D6-95D0-4DEF-851B-3AB5C957D731}.Release|Any CPU.Build.0 = Release|Any CPU
		{A23EF94F-7B0D-448B-9076-CCCCCEB30B3D}.Debug|Any CPU.ActiveCfg = Debug|Any CPU
		{A23EF94F-7B0D-448B-9076-CCCCCEB30B3D}.Debug|Any CPU.Build.0 = Debug|Any CPU
		{A23EF94F-7B0D-448B-9076-CCCCCEB30B3D}.Release|Any CPU.ActiveCfg = Release|Any CPU
		{A23EF94F-7B0D-448B-9076-CCCCCEB30B3D}.Release|Any CPU.Build.0 = Release|Any CPU
		{36F54997-09F2-4DF1-A89B-CD55BF959B88}.Debug|Any CPU.ActiveCfg = Debug|Any CPU
		{36F54997-09F2-4DF1-A89B-CD55BF959B88}.Debug|Any CPU.Build.0 = Debug|Any CPU
		{36F54997-09F2-4DF1-A89B-CD55BF959B88}.Release|Any CPU.ActiveCfg = Release|Any CPU
		{36F54997-09F2-4DF1-A89B-CD55BF959B88}.Release|Any CPU.Build.0 = Release|Any CPU
		{05676B88-449A-5538-723D-58C17BD985A3}.Debug|Any CPU.ActiveCfg = Debug|Any CPU
		{05676B88-449A-5538-723D-58C17BD985A3}.Debug|Any CPU.Build.0 = Debug|Any CPU
		{05676B88-449A-5538-723D-58C17BD985A3}.Release|Any CPU.ActiveCfg = Release|Any CPU
		{05676B88-449A-5538-723D-58C17BD985A3}.Release|Any CPU.Build.0 = Release|Any CPU
		{BD3E6C71-3624-AE84-F2B7-8D9DDC6E560D}.Debug|Any CPU.ActiveCfg = Debug|Any CPU
		{BD3E6C71-3624-AE84-F2B7-8D9DDC6E560D}.Debug|Any CPU.Build.0 = Debug|Any CPU
		{BD3E6C71-3624-AE84-F2B7-8D9DDC6E560D}.Release|Any CPU.ActiveCfg = Release|Any CPU
		{BD3E6C71-3624-AE84-F2B7-8D9DDC6E560D}.Release|Any CPU.Build.0 = Release|Any CPU
	EndGlobalSection
	GlobalSection(SolutionProperties) = preSolution
		HideSolutionNode = FALSE
	EndGlobalSection
	GlobalSection(NestedProjects) = preSolution
		{52538984-57B4-4B42-8D6D-86B07E33B4A6} = {643747C7-0307-8931-84D8-A7D1915E22E5}
		{52D282DB-861A-E5D1-4268-C6397EA4ABB7} = {02EA681E-C7D8-13C7-8484-4AC65E1B71E8}
		{3EFE6794-4977-CA25-EFD8-16EE84D3A1EE} = {02EA681E-C7D8-13C7-8484-4AC65E1B71E8}
		{A46C0709-D2BD-A23A-139A-3F59DBD0EB34} = {02EA681E-C7D8-13C7-8484-4AC65E1B71E8}
		{7C3C2C18-FE28-5820-C1EB-344E012948AE} = {02EA681E-C7D8-13C7-8484-4AC65E1B71E8}
		{8BEFE687-8459-53C2-072C-2BAD7272629A} = {369CB01D-A1A7-72D2-AABC-3F0945D148A2}
		{F9E6CF6D-CE15-49FD-E4AC-3A422C8BAF8D} = {7DC331D0-3EC4-40A6-69FB-1CBEB2E0D1EA}
		{7C6CA26E-C608-3DE0-6DE5-E6E3949C3919} = {643747C7-0307-8931-84D8-A7D1915E22E5}
		{F2265318-FE7B-426C-B826-060EEF581FFB} = {643747C7-0307-8931-84D8-A7D1915E22E5}
		{EF6667C9-DB87-8889-4B51-D11A809FCB94} = {643747C7-0307-8931-84D8-A7D1915E22E5}
		{108E59CC-6CD0-4B34-EE75-5628DB3120B2} = {643747C7-0307-8931-84D8-A7D1915E22E5}
		{704F47E3-F992-802C-6BB3-B5A3BCE9927B} = {52538984-57B4-4B42-8D6D-86B07E33B4A6}
		{EE5B5960-E695-D7AC-F504-255BC2886A9D} = {52538984-57B4-4B42-8D6D-86B07E33B4A6}
		{AD181534-0810-ECF4-4341-05688612EF1C} = {52538984-57B4-4B42-8D6D-86B07E33B4A6}
		{EFE09F94-22AB-6072-A7A5-332F369980F1} = {52538984-57B4-4B42-8D6D-86B07E33B4A6}
		{18B2CA03-CBD9-AC02-6D16-EA5AE6A1144B} = {52538984-57B4-4B42-8D6D-86B07E33B4A6}
		{FBC38BD5-9CBD-D2DF-7ED2-4DB33F56DA9F} = {52538984-57B4-4B42-8D6D-86B07E33B4A6}
		{796FC248-0657-B212-65ED-E1A742F80DF8} = {52538984-57B4-4B42-8D6D-86B07E33B4A6}
		{53925C85-E865-0A2D-F4BD-2612A8FEAB88} = {52538984-57B4-4B42-8D6D-86B07E33B4A6}
		{E67071DB-FE2F-960E-814E-E17C9645DE76} = {52538984-57B4-4B42-8D6D-86B07E33B4A6}
		{3C3E3B54-1417-4F27-0D99-55541B1EB766} = {52538984-57B4-4B42-8D6D-86B07E33B4A6}
		{A9B1F984-14B8-8F36-6B0A-B653C98DA2DB} = {52538984-57B4-4B42-8D6D-86B07E33B4A6}
		{6F0FBCB8-4CFA-EB1F-0462-7720CDA1584C} = {52538984-57B4-4B42-8D6D-86B07E33B4A6}
		{8E51AE6C-D3E9-9CDB-3BF1-3238FD8A53E0} = {52538984-57B4-4B42-8D6D-86B07E33B4A6}
		{FA8D9501-08BF-8239-8CA6-76BA6CDFEF9A} = {52538984-57B4-4B42-8D6D-86B07E33B4A6}
		{3EAC0970-D28A-8920-4D28-E92FCD3B77ED} = {52538984-57B4-4B42-8D6D-86B07E33B4A6}
		{B8DC8E21-CDB5-0F3F-387F-FE95FDD60899} = {52538984-57B4-4B42-8D6D-86B07E33B4A6}
		{5DD1B555-3407-1233-CF5C-356EF197E400} = {52538984-57B4-4B42-8D6D-86B07E33B4A6}
		{D80D54A7-90A9-6746-335A-AF5CA7F07F65} = {52538984-57B4-4B42-8D6D-86B07E33B4A6}
		{36490CE4-EC0E-D8B3-519E-EB6B8EF7E579} = {52538984-57B4-4B42-8D6D-86B07E33B4A6}
		{3F142BBE-70AF-B8DF-61B5-227E973BE469} = {52538984-57B4-4B42-8D6D-86B07E33B4A6}
		{5D6248EE-8ED2-2A34-6932-993FF0468AA4} = {643747C7-0307-8931-84D8-A7D1915E22E5}
		{B2C8547E-8761-FF15-62A7-2579978C1620} = {643747C7-0307-8931-84D8-A7D1915E22E5}
		{018AD859-52A7-4C89-A44E-3D044E9B014F} = {5835D766-9847-1D08-5E95-5A99FD0F495D}
		{FCD2D47A-C0AE-6100-9ABA-26E7914052A6} = {5835D766-9847-1D08-5E95-5A99FD0F495D}
		{CD24E466-1A49-4C54-D9C7-86330F60CA4C} = {5835D766-9847-1D08-5E95-5A99FD0F495D}
		{523A36F6-90FE-4536-9AA5-B63E02656AEE} = {52538984-57B4-4B42-8D6D-86B07E33B4A6}
		{B1D3B6B6-2615-3FB5-8771-1615593500A6} = {52538984-57B4-4B42-8D6D-86B07E33B4A6}
		{5DAE97D6-95D0-4DEF-851B-3AB5C957D731} = {52538984-57B4-4B42-8D6D-86B07E33B4A6}
		{A23EF94F-7B0D-448B-9076-CCCCCEB30B3D} = {52538984-57B4-4B42-8D6D-86B07E33B4A6}
		{36F54997-09F2-4DF1-A89B-CD55BF959B88} = {52538984-57B4-4B42-8D6D-86B07E33B4A6}
		{05676B88-449A-5538-723D-58C17BD985A3} = {52538984-57B4-4B42-8D6D-86B07E33B4A6}
		{BD3E6C71-3624-AE84-F2B7-8D9DDC6E560D} = {02EA681E-C7D8-13C7-8484-4AC65E1B71E8}
	EndGlobalSection
	GlobalSection(ExtensibilityGlobals) = postSolution
		SolutionGuid = {9A57BA34-E6D0-4E76-AA55-1A573F3CC798}
	EndGlobalSection
EndGlobal
